
Microsoft Visual Studio Solution File, Format Version 12.00
# Visual Studio 15
VisualStudioVersion = 15.0.26124.0
MinimumVisualStudioVersion = 15.0.26124.0
Project("{2150E333-8FDC-42A3-9474-1A3956D46DE8}") = "src", "src", "{97F1FFA7-2EA3-4793-B4C8-7E87B88BD6BC}"
EndProject
Project("{FAE04EC0-301F-11D3-BF4B-00C04F79EFBC}") = "Observable", "src\Observable\Observable.csproj", "{5F21699D-14FC-4A2D-9C05-E1FE6AE05AB8}"
EndProject
Project("{2150E333-8FDC-42A3-9474-1A3956D46DE8}") = "test", "test", "{85D98476-E73E-4AC0-A3A0-BB9935E6B0C0}"
EndProject
Project("{FAE04EC0-301F-11D3-BF4B-00C04F79EFBC}") = "Observable.Tests", "test\Observable.Tests\Observable.Tests.csproj", "{D26EBFD2-EBD7-4A84-88DD-CE88945E8F44}"
EndProject
Global
	GlobalSection(SolutionConfigurationPlatforms) = preSolution
		Debug|Any CPU = Debug|Any CPU
		Debug|x64 = Debug|x64
		Debug|x86 = Debug|x86
		Release|Any CPU = Release|Any CPU
		Release|x64 = Release|x64
		Release|x86 = Release|x86
	EndGlobalSection
	GlobalSection(SolutionProperties) = preSolution
		HideSolutionNode = FALSE
	EndGlobalSection
	GlobalSection(ProjectConfigurationPlatforms) = postSolution
		{5F21699D-14FC-4A2D-9C05-E1FE6AE05AB8}.Debug|Any CPU.ActiveCfg = Debug|Any CPU
		{5F21699D-14FC-4A2D-9C05-E1FE6AE05AB8}.Debug|Any CPU.Build.0 = Debug|Any CPU
		{5F21699D-14FC-4A2D-9C05-E1FE6AE05AB8}.Debug|x64.ActiveCfg = Debug|Any CPU
		{5F21699D-14FC-4A2D-9C05-E1FE6AE05AB8}.Debug|x64.Build.0 = Debug|Any CPU
		{5F21699D-14FC-4A2D-9C05-E1FE6AE05AB8}.Debug|x86.ActiveCfg = Debug|Any CPU
		{5F21699D-14FC-4A2D-9C05-E1FE6AE05AB8}.Debug|x86.Build.0 = Debug|Any CPU
		{5F21699D-14FC-4A2D-9C05-E1FE6AE05AB8}.Release|Any CPU.ActiveCfg = Release|Any CPU
		{5F21699D-14FC-4A2D-9C05-E1FE6AE05AB8}.Release|Any CPU.Build.0 = Release|Any CPU
		{5F21699D-14FC-4A2D-9C05-E1FE6AE05AB8}.Release|x64.ActiveCfg = Release|Any CPU
		{5F21699D-14FC-4A2D-9C05-E1FE6AE05AB8}.Release|x64.Build.0 = Release|Any CPU
		{5F21699D-14FC-4A2D-9C05-E1FE6AE05AB8}.Release|x86.ActiveCfg = Release|Any CPU
		{5F21699D-14FC-4A2D-9C05-E1FE6AE05AB8}.Release|x86.Build.0 = Release|Any CPU
		{D26EBFD2-EBD7-4A84-88DD-CE88945E8F44}.Debug|Any CPU.ActiveCfg = Debug|Any CPU
		{D26EBFD2-EBD7-4A84-88DD-CE88945E8F44}.Debug|Any CPU.Build.0 = Debug|Any CPU
		{D26EBFD2-EBD7-4A84-88DD-CE88945E8F44}.Debug|x64.ActiveCfg = Debug|Any CPU
		{D26EBFD2-EBD7-4A84-88DD-CE88945E8F44}.Debug|x64.Build.0 = Debug|Any CPU
		{D26EBFD2-EBD7-4A84-88DD-CE88945E8F44}.Debug|x86.ActiveCfg = Debug|Any CPU
		{D26EBFD2-EBD7-4A84-88DD-CE88945E8F44}.Debug|x86.Build.0 = Debug|Any CPU
		{D26EBFD2-EBD7-4A84-88DD-CE88945E8F44}.Release|Any CPU.ActiveCfg = Release|Any CPU
		{D26EBFD2-EBD7-4A84-88DD-CE88945E8F44}.Release|Any CPU.Build.0 = Release|Any CPU
		{D26EBFD2-EBD7-4A84-88DD-CE88945E8F44}.Release|x64.ActiveCfg = Release|Any CPU
		{D26EBFD2-EBD7-4A84-88DD-CE88945E8F44}.Release|x64.Build.0 = Release|Any CPU
		{D26EBFD2-EBD7-4A84-88DD-CE88945E8F44}.Release|x86.ActiveCfg = Release|Any CPU
		{D26EBFD2-EBD7-4A84-88DD-CE88945E8F44}.Release|x86.Build.0 = Release|Any CPU
	EndGlobalSection
	GlobalSection(NestedProjects) = preSolution
		{5F21699D-14FC-4A2D-9C05-E1FE6AE05AB8} = {97F1FFA7-2EA3-4793-B4C8-7E87B88BD6BC}
		{D26EBFD2-EBD7-4A84-88DD-CE88945E8F44} = {85D98476-E73E-4AC0-A3A0-BB9935E6B0C0}
	EndGlobalSection
EndGlobal
